dependencies:
- name: loki
  repository: https://grafana.github.io/helm-charts
  version: 6.27.0
- name: alloy
  repository: https://grafana.github.io/helm-charts
  version: 1.2.1
digest: sha256:3c48220b1d9eac25cf0d7cea2fc03231846886b678ca055cd5ca7077d21221a0
generated: "2025-08-27T13:38:21.023455983Z"
